{
  "name": "easy-opencode",
  "version": "1.30.0",
  "lockfileVersion": 3,
  "requires": true,
  "packages": {
    "": {
      "name": "easy-opencode",
      "version": "1.30.0",
      "hasInstallScript": true,
      "license": "MIT",
      "dependencies": {
        "typescript": "^5.0.0"
      },
      "bin": {
        "eoc": "bin/eoc.js",
        "eoc-install": "bin/eoc-install.js",
        "eoc-script": "bin/eoc-script.js"
      },
      "engines": {
        "node": ">=14.0.0"
      }
    },
    "node_modules/typescript": {
      "version": "5.9.3",
      "resolved": "https://packages.applied-caas-gateway1.internal.api.openai.org/artifactory/api/npm/npm-public/typescript/-/typescript-5.9.3.tgz",
      "integrity": "sha512-jl1vZzPDinLr9eUt3J/t7V6FgNEw9QjvBPdysz9KfQDD41fQrC2Y4vKQdiaUpFT4bXlb1RHhLpp8wtm6M5TgSw==",
      "license": "Apache-2.0",
      "bin": {
        "tsc": "bin/tsc",
        "tsserver": "bin/tsserver"
      },
      "engines": {
        "node": ">=14.17"
      }
    }
  }
}
